
Microsoft Visual Studio Solution File, Format Version 12.00
# Visual Studio 15
VisualStudioVersion = 15.0.27130.2027
MinimumVisualStudioVersion = 10.0.40219.1
Project("{FAE04EC0-301F-11D3-BF4B-00C04F79EFBC}") = "KirLab3", "KirLab3\KirLab3.csproj", "{48BE42AE-A11A-4C91-BE26-C6F5DEF96F9C}"
EndProject
Global
	GlobalSection(SolutionConfigurationPlatforms) = preSolution
		Debug|Any CPU = Debug|Any CPU
		Release|Any CPU = Release|Any CPU
	EndGlobalSection
	GlobalSection(ProjectConfigurationPlatforms) = postSolution
		{48BE42AE-A11A-4C91-BE26-C6F5DEF96F9C}.Debug|Any CPU.ActiveCfg = Debug|Any CPU
		{48BE42AE-A11A-4C91-BE26-C6F5DEF96F9C}.Debug|Any CPU.Build.0 = Debug|Any CPU
		{48BE42AE-A11A-4C91-BE26-C6F5DEF96F9C}.Release|Any CPU.ActiveCfg = Release|Any CPU
		{48BE42AE-A11A-4C91-BE26-C6F5DEF96F9C}.Release|Any CPU.Build.0 = Release|Any CPU
	EndGlobalSection
	GlobalSection(SolutionProperties) = preSolution
		HideSolutionNode = FALSE
	EndGlobalSection
	GlobalSection(ExtensibilityGlobals) = postSolution
		SolutionGuid = {5D8E450D-D35F-482B-B16D-4B5A6B68E77F}
	EndGlobalSection
EndGlobal
